// !$*UTF8*$!
{
	archiveVersion = 1;
	classes = {
	};
	objectVersion = 77;
	objects = {

/* Begin PBXContainerItemProxy section */
		50744AFA2EFB28BC005071F1 /* PBXContainerItemProxy */ = {
			isa = PBXContainerItemProxy;
			containerPortal = 50744AE42EFB28BA005071F1 /* Project object */;
			proxyType = 1;
			remoteGlobalIDString = 50744AEB2EFB28BA005071F1;
			remoteInfo = "wnhu-mobile-app";
		};
		50744B042EFB28BC005071F1 /* PBXContainerItemProxy */ = {
			isa = PBXContainerItemProxy;
			containerPortal = 50744AE42EFB28BA005071F1 /* Project object */;
			proxyType = 1;
			remoteGlobalIDString = 50744AEB2EFB28BA005071F1;
			remoteInfo = "wnhu-mobile-app";
		};
/* End PBXContainerItemProxy section */

/* Begin PBXFileReference section */
		50744AEC2EFB28BA005071F1 /* wnhu-mobile-app.app */ = {isa = PBXFileReference; explicitFileType = wrapper.application; includeInIndex = 0; path = "wnhu-mobile-app.app"; sourceTree = BUILT_PRODUCTS_DIR; };
		50744AF92EFB28BC005071F1 /* wnhu-mobile-appTests.xctest */ = {isa = PBXFileReference; explicitFileType = wrapper.cfbundle; includeInIndex = 0; path = "wnhu-mobile-appTests.xctest"; sourceTree = BUILT_PRODUCTS_DIR; };
		50744B032EFB28BC005071F1 /* wnhu-mobile-appUITests.xctest */ = {isa = PBXFileReference; explicitFileType = wrapper.cfbundle; includeInIndex = 0; path = "wnhu-mobile-appUITests.xctest"; sourceTree = BUILT_PRODUCTS_DIR; };
/* End PBXFileReference section */

/* Begin PBXFileSystemSynchronizedBuildFileExceptionSet section */
		50744B2B2EFB28DE005071F1 /* Exceptions for "tests" folder in "wnhu-mobile-app" target */ = {
			isa = PBXFileSystemSynchronizedBuildFileExceptionSet;
			membershipExceptions = (
				"wnhu-mobile-appTests/wnhu_mobile_appTests.swift",
				"wnhu-mobile-appUITests/wnhu_mobile_appUITests.swift",
				"wnhu-mobile-appUITests/wnhu_mobile_appUITestsLaunchTests.swift",
			);
			target = 50744AEB2EFB28BA005071F1 /* wnhu-mobile-app */;
		};
		50744B2C2EFB28DE005071F1 /* Exceptions for "tests" folder in "wnhu-mobile-appTests" target */ = {
			isa = PBXFileSystemSynchronizedBuildFileExceptionSet;
			membershipExceptions = (
				"wnhu-mobile-appTests/wnhu_mobile_appTests.swift",
			);
			target = 50744AF82EFB28BC005071F1 /* wnhu-mobile-appTests */;
		};
		50744B2D2EFB28DE005071F1 /* Exceptions for "tests" folder in "wnhu-mobile-appUITests" target */ = {
			isa = PBXFileSystemSynchronizedBuildFileExceptionSet;
			membershipExceptions = (
				"wnhu-mobile-appUITests/wnhu_mobile_appUITests.swift",
				"wnhu-mobile-appUITests/wnhu_mobile_appUITestsLaunchTests.swift",
			);
			target = 50744B022EFB28BC005071F1 /* wnhu-mobile-appUITests */;
		};
/* End PBXFileSystemSynchronizedBuildFileExceptionSet section */

/* Begin PBXFileSystemSynchronizedRootGroup section */
		50744AEE2EFB28BA005071F1 /* wnhu-mobile-app */ = {
			isa = PBXFileSystemSynchronizedRootGroup;
			path = "wnhu-mobile-app";
			sourceTree = "<group>";
		};
		50744B272EFB28DE005071F1 /* tests */ = {
			isa = PBXFileSystemSynchronizedRootGroup;
			exceptions = (
				50744B2B2EFB28DE005071F1 /* Exceptions for "tests" folder in "wnhu-mobile-app" target */,
				50744B2C2EFB28DE005071F1 /* Exceptions for "tests" folder in "wnhu-mobile-appTests" target */,
				50744B2D2EFB28DE005071F1 /* Exceptions for "tests" folder in "wnhu-mobile-appUITests" target */,
			);
			path = tests;
			sourceTree = "<group>";
		};
/* End PBXFileSystemSynchronizedRootGroup section */

/* Begin PBXFrameworksBuildPhase section */
		50744AE92EFB28BA005071F1 /* Frameworks */ = {
			isa = PBXFrameworksBuildPhase;
			buildActionMask = 2147483647;
			files = (
			);
			runOnlyForDeploymentPostprocessing = 0;
		};
		50744AF62EFB28BC005071F1 /* Frameworks */ = {
			isa = PBXFrameworksBuildPhase;
			buildActionMask = 2147483647;
			files = (
			);
			runOnlyForDeploymentPostprocessing = 0;
		};
		50744B002EFB28BC005071F1 /* Frameworks */ = {
			isa = PBXFrameworksBuildPhase;
			buildActionMask = 2147483647;
			files = (
			);
			runOnlyForDeploymentPostprocessing = 0;
		};
/* End PBXFrameworksBuildPhase section */

/* Begin PBXGroup section */
		50744AE32EFB28BA005071F1 = {
			isa = PBXGroup;
			children = (
				50744B272EFB28DE005071F1 /* tests */,
				50744AEE2EFB28BA005071F1 /* wnhu-mobile-app */,
				50744AED2EFB28BA005071F1 /* Products */,
			);
			sourceTree = "<group>";
		};
		50744AED2EFB28BA005071F1 /* Products */ = {
			isa = PBXGroup;
			children = (
				50744AEC2EFB28BA005071F1 /* wnhu-mobile-app.app */,
				50744AF92EFB28BC005071F1 /* wnhu-mobile-appTests.xctest */,
				50744B032EFB28BC005071F1 /* wnhu-mobile-appUITests.xctest */,
			);
			name = Products;
			sourceTree = "<group>";
		};
/* End PBXGroup section */

/* Begin PBXNativeTarget section */
		50744AEB2EFB28BA005071F1 /* wnhu-mobile-app */ = {
			isa = PBXNativeTarget;
			buildConfigurationList = 50744B0D2EFB28BC005071F1 /* Build configuration list for PBXNativeTarget "wnhu-mobile-app" */;
			buildPhases = (
				50744AE82EFB28BA005071F1 /* Sources */,
				50744AE92EFB28BA005071F1 /* Frameworks */,
				50744AEA2EFB28BA005071F1 /* Resources */,
			);
			buildRules = (
			);
			dependencies = (
			);
			fileSystemSynchronizedGroups = (
				50744AEE2EFB28BA005071F1 /* wnhu-mobile-app */,
				50744B272EFB28DE005071F1 /* tests */,
			);
			name = "wnhu-mobile-app";
			packageProductDependencies = (
			);
			productName = "wnhu-mobile-app";
			productReference = 50744AEC2EFB28BA005071F1 /* wnhu-mobile-app.app */;
			productType = "com.apple.product-type.application";
		};
		50744AF82EFB28BC005071F1 /* wnhu-mobile-appTests */ = {
			isa = PBXNativeTarget;
			buildConfigurationList = 50744B102EFB28BC005071F1 /* Build configuration list for PBXNativeTarget "wnhu-mobile-appTests" */;
			buildPhases = (
				50744AF52EFB28BC005071F1 /* Sources */,
				50744AF62EFB28BC005071F1 /* Frameworks */,
				50744AF72EFB28BC005071F1 /* Resources */,
			);
			buildRules = (
			);
			dependencies = (
				50744AFB2EFB28BC005071F1 /* PBXTargetDependency */,
			);
			name = "wnhu-mobile-appTests";
			packageProductDependencies = (
			);
			productName = "wnhu-mobile-appTests";
			productReference = 50744AF92EFB28BC005071F1 /* wnhu-mobile-appTests.xctest */;
			productType = "com.apple.product-type.bundle.unit-test";
		};
		50744B022EFB28BC005071F1 /* wnhu-mobile-appUITests */ = {
			isa = PBXNativeTarget;
			buildConfigurationList = 50744B132EFB28BC005071F1 /* Build configuration list for PBXNativeTarget "wnhu-mobile-appUITests" */;
			buildPhases = (
				50744AFF2EFB28BC005071F1 /* Sources */,
				50744B002EFB28BC005071F1 /* Frameworks */,
				50744B012EFB28BC005071F1 /* Resources */,
			);
			buildRules = (
			);
			dependencies = (
				50744B052EFB28BC005071F1 /* PBXTargetDependency */,
			);
			name = "wnhu-mobile-appUITests";
			packageProductDependencies = (
			);
			productName = "wnhu-mobile-appUITests";
			productReference = 50744B032EFB28BC005071F1 /* wnhu-mobile-appUITests.xctest */;
			productType = "com.apple.product-type.bundle.ui-testing";
		};
/* End PBXNativeTarget section */

/* Begin PBXProject section */
		50744AE42EFB28BA005071F1 /* Project object */ = {
			isa = PBXProject;
			attributes = {
				BuildIndependentTargetsInParallel = 1;
				LastSwiftUpdateCheck = 1640;
				LastUpgradeCheck = 1640;
				TargetAttributes = {
					50744AEB2EFB28BA005071F1 = {
						CreatedOnToolsVersion = 16.4;
					};
					50744AF82EFB28BC005071F1 = {
						CreatedOnToolsVersion = 16.4;
						TestTargetID = 50744AEB2EFB28BA005071F1;
					};
					50744B022EFB28BC005071F1 = {
						CreatedOnToolsVersion = 16.4;
						TestTargetID = 50744AEB2EFB28BA005071F1;
					};
				};
			};
			buildConfigurationList = 50744AE72EFB28BA005071F1 /* Build configuration list for PBXProject "wnhu-mobile-app" */;
			developmentRegion = en;
			hasScannedForEncodings = 0;
			knownRegions = (
				en,
				Base,
			);
			mainGroup = 50744AE32EFB28BA005071F1;
			minimizedProjectReferenceProxies = 1;
			packageReferences = (
				50DD492C2F15840A00A2894B /* XCRemoteSwiftPackageReference "microsoft-authentication-library-for-objc" */,
			);
			preferredProjectObjectVersion = 77;
			productRefGroup = 50744AED2EFB28BA005071F1 /* Products */;
			projectDirPath = "";
			projectRoot = "";
			targets = (
				50744AEB2EFB28BA005071F1 /* wnhu-mobile-app */,
				50744AF82EFB28BC005071F1 /* wnhu-mobile-appTests */,
				50744B022EFB28BC005071F1 /* wnhu-mobile-appUITests */,
			);
		};
/* End PBXProject section */

/* Begin PBXResourcesBuildPhase section */
		50744AEA2EFB28BA005071F1 /* Resources */ = {
			isa = PBXResourcesBuildPhase;
			buildActionMask = 2147483647;
			files = (
			);
			runOnlyForDeploymentPostprocessing = 0;
		};
		50744AF72EFB28BC005071F1 /* Resources */ = {
			isa = PBXResourcesBuildPhase;
			buildActionMask = 2147483647;
			files = (
			);
			runOnlyForDeploymentPostprocessing = 0;
		};
		50744B012EFB28BC005071F1 /* Resources */ = {
			isa = PBXResourcesBuildPhase;
			buildActionMask = 2147483647;
			files = (
			);
			runOnlyForDeploymentPostprocessing = 0;
		};
/* End PBXResourcesBuildPhase section */

/* Begin PBXSourcesBuildPhase section */
		50744AE82EFB28BA005071F1 /* Sources */ = {
			isa = PBXSourcesBuildPhase;
			buildActionMask = 2147483647;
			files = (
			);
			runOnlyForDeploymentPostprocessing = 0;
		};
		50744AF52EFB28BC005071F1 /* Sources */ = {
			isa = PBXSourcesBuildPhase;
			buildActionMask = 2147483647;
			files = (
			);
			runOnlyForDeploymentPostprocessing = 0;
		};
		50744AFF2EFB28BC005071F1 /* Sources */ = {
			isa = PBXSourcesBuildPhase;
			buildActionMask = 2147483647;
			files = (
			);
			runOnlyForDeploymentPostprocessing = 0;
		};
/* End PBXSourcesBuildPhase section */

/* Begin PBXTargetDependency section */
		50744AFB2EFB28BC005071F1 /* PBXTargetDependency */ = {
			isa = PBXTargetDependency;
			target = 50744AEB2EFB28BA005071F1 /* wnhu-mobile-app */;
			targetProxy = 50744AFA2EFB28BC005071F1 /* PBXContainerItemProxy */;
		};
		50744B052EFB28BC005071F1 /* PBXTargetDependency */ = {
			isa = PBXTargetDependency;
			target = 50744AEB2EFB28BA005071F1 /* wnhu-mobile-app */;
			targetProxy = 50744B042EFB28BC005071F1 /* PBXContainerItemProxy */;
		};
/* End PBXTargetDependency section */

/* Begin XCBuildConfiguration section */
		50744B0B2EFB28BC005071F1 /* Debug */ = {
			isa = XCBuildConfiguration;
			buildSettings = {
				ALWAYS_SEARCH_USER_PATHS = NO;
				ASSETCATALOG_COMPILER_GENERATE_SWIFT_ASSET_SYMBOL_EXTENSIONS = YES;
				CLANG_ANALYZER_NONNULL = YES;
				CLANG_ANALYZER_NUMBER_OBJECT_CONVERSION = YES_AGGRESSIVE;
				CLANG_CXX_LANGUAGE_STANDARD = "gnu++20";
				CLANG_ENABLE_MODULES = YES;
				CLANG_ENABLE_OBJC_ARC = YES;
				CLANG_ENABLE_OBJC_WEAK = YES;
				CLANG_WARN_BLOCK_CAPTURE_AUTORELEASING = YES;
				CLANG_WARN_BOOL_CONVERSION = YES;
				CLANG_WARN_COMMA = YES;
				CLANG_WARN_CONSTANT_CONVERSION = YES;
				CLANG_WARN_DEPRECATED_OBJC_IMPLEMENTATIONS = YES;
				CLANG_WARN_DIRECT_OBJC_ISA_USAGE = YES_ERROR;
				CLANG_WARN_DOCUMENTATION_COMMENTS = YES;
				CLANG_WARN_EMPTY_BODY = YES;
				CLANG_WARN_ENUM_CONVERSION = YES;
				CLANG_WARN_INFINITE_RECURSION = YES;
				CLANG_WARN_INT_CONVERSION = YES;
				CLANG_WARN_NON_LITERAL_NULL_CONVERSION = YES;
				CLANG_WARN_OBJC_IMPLICIT_RETAIN_SELF = YES;
				CLANG_WARN_OBJC_LITERAL_CONVERSION = YES;
				CLANG_WARN_OBJC_ROOT_CLASS = YES_ERROR;
				CLANG_WARN_QUOTED_INCLUDE_IN_FRAMEWORK_HEADER = YES;
				CLANG_WARN_RANGE_LOOP_ANALYSIS = YES;
				CLANG_WARN_STRICT_PROTOTYPES = YES;
				CLANG_WARN_SUSPICIOUS_MOVE = YES;
				CLANG_WARN_UNGUARDED_AVAILABILITY = YES_AGGRESSIVE;
				CLANG_WARN_UNREACHABLE_CODE = YES;
				CLANG_WARN__DUPLICATE_METHOD_MATCH = YES;
				COPY_PHASE_STRIP = NO;
				DEBUG_INFORMATION_FORMAT = dwarf;
				ENABLE_STRICT_OBJC_MSGSEND = YES;
				ENABLE_TESTABILITY = YES;
				ENABLE_USER_SCRIPT_SANDBOXING = YES;
				GCC_C_LANGUAGE_STANDARD = gnu17;
				GCC_DYNAMIC_NO_PIC = NO;
				GCC_NO_COMMON_BLOCKS = YES;
				GCC_OPTIMIZATION_LEVEL = 0;
				GCC_PREPROCESSOR_DEFINITIONS = (
					"DEBUG=1",
					"$(inherited)",
				);
				GCC_WARN_64_TO_32_BIT_CONVERSION = YES;
				GCC_WARN_ABOUT_RETURN_TYPE = YES_ERROR;
				GCC_WARN_UNDECLARED_SELECTOR = YES;
				GCC_WARN_UNINITIALIZED_AUTOS = YES_AGGRESSIVE;
				GCC_WARN_UNUSED_FUNCTION = YES;
				GCC_WARN_UNUSED_VARIABLE = YES;
				IPHONEOS_DEPLOYMENT_TARGET = 18.5;
				LOCALIZATION_PREFERS_STRING_CATALOGS = YES;
				MTL_ENABLE_DEBUG_INFO = INCLUDE_SOURCE;
				MTL_FAST_MATH = YES;
				ONLY_ACTIVE_ARCH = YES;
				SDKROOT = iphoneos;
				SWIFT_ACTIVE_COMPILATION_CONDITIONS = "DEBUG $(inherited)";
				SWIFT_OPTIMIZATION_LEVEL = "-Onone";
			};
			name = Debug;
		};
		50744B0C2EFB28BC005071F1 /* Release */ = {
			isa = XCBuildConfiguration;
			buildSettings = {
				ALWAYS_SEARCH_USER_PATHS = NO;
				ASSETCATALOG_COMPILER_GENERATE_SWIFT_ASSET_SYMBOL_EXTENSIONS = YES;
				CLANG_ANALYZER_NONNULL = YES;
				CLANG_ANALYZER_NUMBER_OBJECT_CONVERSION = YES_AGGRESSIVE;
				CLANG_CXX_LANGUAGE_STANDARD = "gnu++20";
				CLANG_ENABLE_MODULES = YES;
				CLANG_ENABLE_OBJC_ARC = YES;
				CLANG_ENABLE_OBJC_WEAK = YES;
				CLANG_WARN_BLOCK_CAPTURE_AUTORELEASING = YES;
				CLANG_WARN_BOOL_CONVERSION = YES;
				CLANG_WARN_COMMA = YES;
				CLANG_WARN_CONSTANT_CONVERSION = YES;
				CLANG_WARN_DEPRECATED_OBJC_IMPLEMENTATIONS = YES;
				CLANG_WARN_DIRECT_OBJC_ISA_USAGE = YES_ERROR;
				CLANG_WARN_DOCUMENTATION_COMMENTS = YES;
				CLANG_WARN_EMPTY_BODY = YES;
				CLANG_WARN_ENUM_CONVERSION = YES;
				CLANG_WARN_INFINITE_RECURSION = YES;
				CLANG_WARN_INT_CONVERSION = YES;
				CLANG_WARN_NON_LITERAL_NULL_CONVERSION = YES;
				CLANG_WARN_OBJC_IMPLICIT_RETAIN_SELF = YES;
				CLANG_WARN_OBJC_LITERAL_CONVERSION = YES;
				CLANG_WARN_OBJC_ROOT_CLASS = YES_ERROR;
				CLANG_WARN_QUOTED_INCLUDE_IN_FRAMEWORK_HEADER = YES;
				CLANG_WARN_RANGE_LOOP_ANALYSIS = YES;
				CLANG_WARN_STRICT_PROTOTYPES = YES;
				CLANG_WARN_SUSPICIOUS_MOVE = YES;
				CLANG_WARN_UNGUARDED_AVAILABILITY = YES_AGGRESSIVE;
				CLANG_WARN_UNREACHABLE_CODE = YES;
				CLANG_WARN__DUPLICATE_METHOD_MATCH = YES;
				COPY_PHASE_STRIP = NO;
				DEBUG_INFORMATION_FORMAT = "dwarf-with-dsym";
				ENABLE_NS_ASSERTIONS = NO;
				ENABLE_STRICT_OBJC_MSGSEND = YES;
				ENABLE_USER_SCRIPT_SANDBOXING = YES;
				GCC_C_LANGUAGE_STANDARD = gnu17;
				GCC_NO_COMMON_BLOCKS = YES;
				GCC_WARN_64_TO_32_BIT_CONVERSION = YES;
				GCC_WARN_ABOUT_RETURN_TYPE = YES_ERROR;
				GCC_WARN_UNDECLARED_SELECTOR = YES;
				GCC_WARN_UNINITIALIZED_AUTOS = YES_AGGRESSIVE;
				GCC_WARN_UNUSED_FUNCTION = YES;
				GCC_WARN_UNUSED_VARIABLE = YES;
				IPHONEOS_DEPLOYMENT_TARGET = 18.5;
				LOCALIZATION_PREFERS_STRING_CATALOGS = YES;
				MTL_ENABLE_DEBUG_INFO = NO;
				MTL_FAST_MATH = YES;
				SDKROOT = iphoneos;
				SWIFT_COMPILATION_MODE = wholemodule;
				VALIDATE_PRODUCT = YES;
			};
			name = Release;
		};
		50744B0E2EFB28BC005071F1 /* Debug */ = {
			isa = XCBuildConfiguration;
			buildSettings = {
				ASSETCATALOG_COMPILER_APPICON_NAME = AppIcon;
				ASSETCATALOG_COMPILER_GLOBAL_ACCENT_COLOR_NAME = AccentColor;
				CODE_SIGN_STYLE = Automatic;
				CURRENT_PROJECT_VERSION = 1;
				ENABLE_PREVIEWS = YES;
				GENERATE_INFOPLIST_FILE = YES;
				INFOPLIST_KEY_UIApplicationSceneManifest_Generation = YES;
				INFOPLIST_KEY_UIApplicationSupportsIndirectInputEvents = YES;
				INFOPLIST_KEY_UILaunchScreen_Generation = YES;
				INFOPLIST_KEY_UISupportedInterfaceOrientations_iPad = "UIInterfaceOrientationPortrait UIInterfaceOrientationPortraitUpsideDown UIInterfaceOrientationLandscapeLeft UIInterfaceOrientationLandscapeRight";
				INFOPLIST_KEY_UISupportedInterfaceOrientations_iPhone = "UIInterfaceOrientationPortrait UIInterfaceOrientationLandscapeLeft UIInterfaceOrientationLandscapeRight";
				LD_RUNPATH_SEARCH_PATHS = (
					"$(inherited)",
					"@executable_path/Frameworks",
				);
				MARKETING_VERSION = 1.0;
				PRODUCT_BUNDLE_IDENTIFIER = "stationengine-wnhu.wnhu-mobile-app";
				PRODUCT_NAME = "$(TARGET_NAME)";
				SWIFT_EMIT_LOC_STRINGS = YES;
				SWIFT_VERSION = 5.0;
				TARGETED_DEVICE_FAMILY = "1,2";
			};
			name = Debug;
		};
		50744B0F2EFB28BC005071F1 /* Release */ = {
			isa = XCBuildConfiguration;
			buildSettings = {
				ASSETCATALOG_COMPILER_APPICON_NAME = AppIcon;
				ASSETCATALOG_COMPILER_GLOBAL_ACCENT_COLOR_NAME = AccentColor;
				CODE_SIGN_STYLE = Automatic;
				CURRENT_PROJECT_VERSION = 1;
				ENABLE_PREVIEWS = YES;
				GENERATE_INFOPLIST_FILE = YES;
				INFOPLIST_KEY_UIApplicationSceneManifest_Generation = YES;
				INFOPLIST_KEY_UIApplicationSupportsIndirectInputEvents = YES;
				INFOPLIST_KEY_UILaunchScreen_Generation = YES;
				INFOPLIST_KEY_UISupportedInterfaceOrientations_iPad = "UIInterfaceOrientationPortrait UIInterfaceOrientationPortraitUpsideDown UIInterfaceOrientationLandscapeLeft UIInterfaceOrientationLandscapeRight";
				INFOPLIST_KEY_UISupportedInterfaceOrientations_iPhone = "UIInterfaceOrientationPortrait UIInterfaceOrientationLandscapeLeft UIInterfaceOrientationLandscapeRight";
				LD_RUNPATH_SEARCH_PATHS = (
					"$(inherited)",
					"@executable_path/Frameworks",
				);
				MARKETING_VERSION = 1.0;
				PRODUCT_BUNDLE_IDENTIFIER = "stationengine-wnhu.wnhu-mobile-app";
				PRODUCT_NAME = "$(TARGET_NAME)";
				SWIFT_EMIT_LOC_STRINGS = YES;
				SWIFT_VERSION = 5.0;
				TARGETED_DEVICE_FAMILY = "1,2";
			};
			name = Release;
		};
		50744B112EFB28BC005071F1 /* Debug */ = {
			isa = XCBuildConfiguration;
			buildSettings = {
				BUNDLE_LOADER = "$(TEST_HOST)";
				CODE_SIGN_STYLE = Automatic;
				CURRENT_PROJECT_VERSION = 1;
				GENERATE_INFOPLIST_FILE = YES;
				IPHONEOS_DEPLOYMENT_TARGET = 18.5;
				MARKETING_VERSION = 1.0;
				PRODUCT_BUNDLE_IDENTIFIER = "stationengine-wnhu.wnhu-mobile-appTests";
				PRODUCT_NAME = "$(TARGET_NAME)";
				SWIFT_EMIT_LOC_STRINGS = NO;
				SWIFT_VERSION = 5.0;
				TARGETED_DEVICE_FAMILY = "1,2";
				TEST_HOST = "$(BUILT_PRODUCTS_DIR)/wnhu-mobile-app.app/$(BUNDLE_EXECUTABLE_FOLDER_PATH)/wnhu-mobile-app";
			};
			name = Debug;
		};
		50744B122EFB28BC005071F1 /* Release */ = {
			isa = XCBuildConfiguration;
			buildSettings = {
				BUNDLE_LOADER = "$(TEST_HOST)";
				CODE_SIGN_STYLE = Automatic;
				CURRENT_PROJECT_VERSION = 1;
				GENERATE_INFOPLIST_FILE = YES;
				IPHONEOS_DEPLOYMENT_TARGET = 18.5;
				MARKETING_VERSION = 1.0;
				PRODUCT_BUNDLE_IDENTIFIER = "stationengine-wnhu.wnhu-mobile-appTests";
				PRODUCT_NAME = "$(TARGET_NAME)";
				SWIFT_EMIT_LOC_STRINGS = NO;
				SWIFT_VERSION = 5.0;
				TARGETED_DEVICE_FAMILY = "1,2";
				TEST_HOST = "$(BUILT_PRODUCTS_DIR)/wnhu-mobile-app.app/$(BUNDLE_EXECUTABLE_FOLDER_PATH)/wnhu-mobile-app";
			};
			name = Release;
		};
		50744B142EFB28BC005071F1 /* Debug */ = {
			isa = XCBuildConfiguration;
			buildSettings = {
				CODE_SIGN_STYLE = Automatic;
				CURRENT_PROJECT_VERSION = 1;
				GENERATE_INFOPLIST_FILE = YES;
				MARKETING_VERSION = 1.0;
				PRODUCT_BUNDLE_IDENTIFIER = "stationengine-wnhu.wnhu-mobile-appUITests";
				PRODUCT_NAME = "$(TARGET_NAME)";
				SWIFT_EMIT_LOC_STRINGS = NO;
				SWIFT_VERSION = 5.0;
				TARGETED_DEVICE_FAMILY = "1,2";
				TEST_TARGET_NAME = "wnhu-mobile-app";
			};
			name = Debug;
		};
		50744B152EFB28BC005071F1 /* Release */ = {
			isa = XCBuildConfiguration;
			buildSettings = {
				CODE_SIGN_STYLE = Automatic;
				CURRENT_PROJECT_VERSION = 1;
				GENERATE_INFOPLIST_FILE = YES;
				MARKETING_VERSION = 1.0;
				PRODUCT_BUNDLE_IDENTIFIER = "stationengine-wnhu.wnhu-mobile-appUITests";
				PRODUCT_NAME = "$(TARGET_NAME)";
				SWIFT_EMIT_LOC_STRINGS = NO;
				SWIFT_VERSION = 5.0;
				TARGETED_DEVICE_FAMILY = "1,2";
				TEST_TARGET_NAME = "wnhu-mobile-app";
			};
			name = Release;
		};
/* End XCBuildConfiguration section */

/* Begin XCConfigurationList section */
		50744AE72EFB28BA005071F1 /* Build configuration list for PBXProject "wnhu-mobile-app" */ = {
			isa = XCConfigurationList;
			buildConfigurations = (
				50744B0B2EFB28BC005071F1 /* Debug */,
				50744B0C2EFB28BC005071F1 /* Release */,
			);
			defaultConfigurationIsVisible = 0;
			defaultConfigurationName = Release;
		};
		50744B0D2EFB28BC005071F1 /* Build configuration list for PBXNativeTarget "wnhu-mobile-app" */ = {
			isa = XCConfigurationList;
			buildConfigurations = (
				50744B0E2EFB28BC005071F1 /* Debug */,
				50744B0F2EFB28BC005071F1 /* Release */,
			);
			defaultConfigurationIsVisible = 0;
			defaultConfigurationName = Release;
		};
		50744B102EFB28BC005071F1 /* Build configuration list for PBXNativeTarget "wnhu-mobile-appTests" */ = {
			isa = XCConfigurationList;
			buildConfigurations = (
				50744B112EFB28BC005071F1 /* Debug */,
				50744B122EFB28BC005071F1 /* Release */,
			);
			defaultConfigurationIsVisible = 0;
			defaultConfigurationName = Release;
		};
		50744B132EFB28BC005071F1 /* Build configuration list for PBXNativeTarget "wnhu-mobile-appUITests" */ = {
			isa = XCConfigurationList;
			buildConfigurations = (
				50744B142EFB28BC005071F1 /* Debug */,
				50744B152EFB28BC005071F1 /* Release */,
			);
			defaultConfigurationIsVisible = 0;
			defaultConfigurationName = Release;
		};
/* End XCConfigurationList section */

/* Begin XCRemoteSwiftPackageReference section */
		50DD492C2F15840A00A2894B /* XCRemoteSwiftPackageReference "microsoft-authentication-library-for-objc" */ = {
			isa = XCRemoteSwiftPackageReference;
			repositoryURL = "https://github.com/AzureAD/microsoft-authentication-library-for-objc?utm_source=copilot.com";
			requirement = {
				kind = upToNextMajorVersion;
				minimumVersion = 2.7.0;
			};
		};
/* End XCRemoteSwiftPackageReference section */
	};
	rootObject = 50744AE42EFB28BA005071F1 /* Project object */;
}
